
Microsoft Visual Studio Solution File, Format Version 12.00
# Visual Studio Version 17
VisualStudioVersion = 17.10.35122.118
MinimumVisualStudioVersion = 10.0.40219.1
Project("{FAE04EC0-301F-11D3-BF4B-00C04F79EFBC}") = "DesignPatterns", "DesignPatterns\DesignPatterns.csproj", "{B99E72F4-2B77-4C68-9FCA-5C82B886F3E2}"
EndProject
Global
	GlobalSection(SolutionConfigurationPlatforms) = preSolution
		Debug|Any CPU = Debug|Any CPU
		Release|Any CPU = Release|Any CPU
	EndGlobalSection
	GlobalSection(ProjectConfigurationPlatforms) = postSolution
		{B99E72F4-2B77-4C68-9FCA-5C82B886F3E2}.Debug|Any CPU.ActiveCfg = Debug|Any CPU
		{B99E72F4-2B77-4C68-9FCA-5C82B886F3E2}.Debug|Any CPU.Build.0 = Debug|Any CPU
		{B99E72F4-2B77-4C68-9FCA-5C82B886F3E2}.Release|Any CPU.ActiveCfg = Release|Any CPU
		{B99E72F4-2B77-4C68-9FCA-5C82B886F3E2}.Release|Any CPU.Build.0 = Release|Any CPU
	EndGlobalSection
	GlobalSection(SolutionProperties) = preSolution
		HideSolutionNode = FALSE
	EndGlobalSection
	GlobalSection(ExtensibilityGlobals) = postSolution
		SolutionGuid = {40A00165-11D4-42AF-887F-7E35E60F521A}
	EndGlobalSection
EndGlobal
